// !$*UTF8*$!
{
	archiveVersion = 1;
	classes = {
	};
	objectVersion = 63;
	objects = {

/* Begin PBXBuildFile section */
		2C0D93312CEA286F001CDBB3 /* Notification.swift in Sources */ = {isa = PBXBuildFile; fileRef = 2C0D93302CEA286F001CDBB3 /* Notification.swift */; };
		2C0D93332CEA2B0B001CDBB3 /* UIResponder.swift in Sources */ = {isa = PBXBuildFile; fileRef = 2C0D93322CEA2B0B001CDBB3 /* UIResponder.swift */; };
		2C2601E22CDE706900BE6C33 /* SettingsViewController.swift in Sources */ = {isa = PBXBuildFile; fileRef = 2C2601E02CDE706900BE6C33 /* SettingsViewController.swift */; };
		2C2601E32CDE706900BE6C33 /* SettingsViewController.xib in Resources */ = {isa = PBXBuildFile; fileRef = 2C2601E12CDE706900BE6C33 /* SettingsViewController.xib */; };
		2C2601E52CDE74F400BE6C33 /* StringExtension.swift in Sources */ = {isa = PBXBuildFile; fileRef = 2C2601E42CDE74F400BE6C33 /* StringExtension.swift */; };
		2C2601E92CDEA56900BE6C33 /* PlinkoViewController.swift in Sources */ = {isa = PBXBuildFile; fileRef = 2C2601E72CDEA56900BE6C33 /* PlinkoViewController.swift */; };
		2C2601EA2CDEA56900BE6C33 /* PlinkoViewController.xib in Resources */ = {isa = PBXBuildFile; fileRef = 2C2601E82CDEA56900BE6C33 /* PlinkoViewController.xib */; };
		2C2601ED2CDEA59100BE6C33 /* PlinkoViewControllerExtension.swift in Sources */ = {isa = PBXBuildFile; fileRef = 2C2601EC2CDEA59100BE6C33 /* PlinkoViewControllerExtension.swift */; };
		2C2601EF2CE2218900BE6C33 /* PlinkoGameEngine.swift in Sources */ = {isa = PBXBuildFile; fileRef = 2C2601EE2CE2218900BE6C33 /* PlinkoGameEngine.swift */; };
		2C2601F22CE221DB00BE6C33 /* PlinkoModel.swift in Sources */ = {isa = PBXBuildFile; fileRef = 2C2601F12CE221DB00BE6C33 /* PlinkoModel.swift */; };
		2C2601F42CE2229D00BE6C33 /* PlinkoScene.swift in Sources */ = {isa = PBXBuildFile; fileRef = 2C2601F32CE2229D00BE6C33 /* PlinkoScene.swift */; };
		2C2601F62CE222A500BE6C33 /* PlinkoSceneDelegate.swift in Sources */ = {isa = PBXBuildFile; fileRef = 2C2601F52CE222A500BE6C33 /* PlinkoSceneDelegate.swift */; };
		2C2601F82CE2248600BE6C33 /* PlinkoCollisionBitMask.swift in Sources */ = {isa = PBXBuildFile; fileRef = 2C2601F72CE2248600BE6C33 /* PlinkoCollisionBitMask.swift */; };
		2C2601FB2CE23C7C00BE6C33 /* test.mp3 in Resources */ = {isa = PBXBuildFile; fileRef = 2C2601FA2CE23C7C00BE6C33 /* test.mp3 */; };
		2C2601FD2CE23E4800BE6C33 /* SoundManager.swift in Sources */ = {isa = PBXBuildFile; fileRef = 2C2601FC2CE23E4800BE6C33 /* SoundManager.swift */; };
		2C2601FF2CE2492600BE6C33 /* OpenSans-Bold.ttf in Resources */ = {isa = PBXBuildFile; fileRef = 2C2601FE2CE2492600BE6C33 /* OpenSans-Bold.ttf */; };
		2C317C082CDAC6E8002E58B9 /* UICustomGreenButton.swift in Sources */ = {isa = PBXBuildFile; fileRef = 2C317C072CDAC6E8002E58B9 /* UICustomGreenButton.swift */; };
		2C317C0C2CDAD7FE002E58B9 /* MenuGameView.swift in Sources */ = {isa = PBXBuildFile; fileRef = 2C317C0B2CDAD7FE002E58B9 /* MenuGameView.swift */; };
		2C317C0F2CDAD875002E58B9 /* SnapKit in Frameworks */ = {isa = PBXBuildFile; productRef = 2C317C0E2CDAD875002E58B9 /* SnapKit */; };
		2C317C112CDAE218002E58B9 /* UIColorExtension.swift in Sources */ = {isa = PBXBuildFile; fileRef = 2C317C102CDAE218002E58B9 /* UIColorExtension.swift */; };
		2C317C132CDAE2A5002E58B9 /* Suranna-Regular.ttf in Resources */ = {isa = PBXBuildFile; fileRef = 2C317C122CDAE2A5002E58B9 /* Suranna-Regular.ttf */; };
		2C317C152CDAE699002E58B9 /* Inter-Bold.ttf in Resources */ = {isa = PBXBuildFile; fileRef = 2C317C142CDAE699002E58B9 /* Inter-Bold.ttf */; };
		2C317C172CDB60CE002E58B9 /* CALayerExtension.swift in Sources */ = {isa = PBXBuildFile; fileRef = 2C317C162CDB60CE002E58B9 /* CALayerExtension.swift */; };
		2C317C1A2CDB62EF002E58B9 /* MenuGameViewModel.swift in Sources */ = {isa = PBXBuildFile; fileRef = 2C317C192CDB62EF002E58B9 /* MenuGameViewModel.swift */; };
		2C317C1C2CDC0E96002E58B9 /* UIViewControllerExtension.swift in Sources */ = {isa = PBXBuildFile; fileRef = 2C317C1B2CDC0E96002E58B9 /* UIViewControllerExtension.swift */; };
		2C317C202CDC13F8002E58B9 /* SlotsViewController.xib in Resources */ = {isa = PBXBuildFile; fileRef = 2C317C1F2CDC13F8002E58B9 /* SlotsViewController.xib */; };
		2C317C212CDC13F8002E58B9 /* SlotsViewController.swift in Sources */ = {isa = PBXBuildFile; fileRef = 2C317C1E2CDC13F8002E58B9 /* SlotsViewController.swift */; };
		2C317C242CDC18ED002E58B9 /* UIFooterBetAndSpinView.swift in Sources */ = {isa = PBXBuildFile; fileRef = 2C317C232CDC18ED002E58B9 /* UIFooterBetAndSpinView.swift */; };
		2C317C272CDCC946002E58B9 /* StorageManager.swift in Sources */ = {isa = PBXBuildFile; fileRef = 2C317C262CDCC946002E58B9 /* StorageManager.swift */; };
		2C317C292CDCCCEE002E58B9 /* SlotsGameEngine.swift in Sources */ = {isa = PBXBuildFile; fileRef = 2C317C282CDCCCEE002E58B9 /* SlotsGameEngine.swift */; };
		2C317C2C2CDCDCEA002E58B9 /* ArrayExtension.swift in Sources */ = {isa = PBXBuildFile; fileRef = 2C317C2B2CDCDCEA002E58B9 /* ArrayExtension.swift */; };
		2C317C2E2CDCEB87002E58B9 /* UIBalanceLabel.swift in Sources */ = {isa = PBXBuildFile; fileRef = 2C317C2D2CDCEB87002E58B9 /* UIBalanceLabel.swift */; };
		2C317C302CDCF71C002E58B9 /* KohSantepheap-Bold.ttf in Resources */ = {isa = PBXBuildFile; fileRef = 2C317C2F2CDCF71C002E58B9 /* KohSantepheap-Bold.ttf */; };
		2C317C322CDCF857002E58B9 /* UITwoRowLabel.swift in Sources */ = {isa = PBXBuildFile; fileRef = 2C317C312CDCF857002E58B9 /* UITwoRowLabel.swift */; };
		2C317C342CDCFCB1002E58B9 /* UIBetView.swift in Sources */ = {isa = PBXBuildFile; fileRef = 2C317C332CDCFCB1002E58B9 /* UIBetView.swift */; };
		2C317C372CDD810D002E58B9 /* MiniGameEngine.swift in Sources */ = {isa = PBXBuildFile; fileRef = 2C317C362CDD810D002E58B9 /* MiniGameEngine.swift */; };
		2C317C392CDD8483002E58B9 /* SlotsViewControllerExtension.swift in Sources */ = {isa = PBXBuildFile; fileRef = 2C317C382CDD8483002E58B9 /* SlotsViewControllerExtension.swift */; };
		2C317C3B2CDD856F002E58B9 /* UIFooterSpinDelegate.swift in Sources */ = {isa = PBXBuildFile; fileRef = 2C317C3A2CDD856F002E58B9 /* UIFooterSpinDelegate.swift */; };
		2C317C3D2CDD858D002E58B9 /* UIFooterBetAndSpinViewModel.swift in Sources */ = {isa = PBXBuildFile; fileRef = 2C317C3C2CDD858D002E58B9 /* UIFooterBetAndSpinViewModel.swift */; };
		2C317C412CDD8DB9002E58B9 /* SlotMachineScene.swift in Sources */ = {isa = PBXBuildFile; fileRef = 2C317C402CDD8DB9002E58B9 /* SlotMachineScene.swift */; };
		2C317C432CDD8DF0002E58B9 /* SlotMachineSceneConfiguration.swift in Sources */ = {isa = PBXBuildFile; fileRef = 2C317C422CDD8DF0002E58B9 /* SlotMachineSceneConfiguration.swift */; };
		2C317C452CDD8E16002E58B9 /* SlotsModel.swift in Sources */ = {isa = PBXBuildFile; fileRef = 2C317C442CDD8E16002E58B9 /* SlotsModel.swift */; };
		2C317C472CDD8E2D002E58B9 /* SlotMachineSceneDelegate.swift in Sources */ = {isa = PBXBuildFile; fileRef = 2C317C462CDD8E2D002E58B9 /* SlotMachineSceneDelegate.swift */; };
		2C317C4B2CDE14B2002E58B9 /* RouletteScene.swift in Sources */ = {isa = PBXBuildFile; fileRef = 2C317C4A2CDE14B2002E58B9 /* RouletteScene.swift */; };
		2C317C4D2CDE162B002E58B9 /* RouletteSceneDelegate.swift in Sources */ = {isa = PBXBuildFile; fileRef = 2C317C4C2CDE162B002E58B9 /* RouletteSceneDelegate.swift */; };
		2C317C512CDE2394002E58B9 /* RouletteViewController.xib in Resources */ = {isa = PBXBuildFile; fileRef = 2C317C502CDE2394002E58B9 /* RouletteViewController.xib */; };
		2C317C522CDE2394002E58B9 /* RouletteViewController.swift in Sources */ = {isa = PBXBuildFile; fileRef = 2C317C4F2CDE2394002E58B9 /* RouletteViewController.swift */; };
		2C317C542CDE23AA002E58B9 /* RouletteViewControllerExtension.swift in Sources */ = {isa = PBXBuildFile; fileRef = 2C317C532CDE23AA002E58B9 /* RouletteViewControllerExtension.swift */; };
		2C317C562CDE2561002E58B9 /* RouletteGameEngine.swift in Sources */ = {isa = PBXBuildFile; fileRef = 2C317C552CDE2561002E58B9 /* RouletteGameEngine.swift */; };
		2C317C582CDE25A8002E58B9 /* RouletteModel.swift in Sources */ = {isa = PBXBuildFile; fileRef = 2C317C572CDE25A8002E58B9 /* RouletteModel.swift */; };
		2C317C5A2CDE2A9F002E58B9 /* DoubleExtension.swift in Sources */ = {isa = PBXBuildFile; fileRef = 2C317C592CDE2A9F002E58B9 /* DoubleExtension.swift */; };
		2C317C5E2CDE53DA002E58B9 /* YouWinAlertViewController.xib in Resources */ = {isa = PBXBuildFile; fileRef = 2C317C5D2CDE53DA002E58B9 /* YouWinAlertViewController.xib */; };
		2C317C5F2CDE53DA002E58B9 /* YouWinAlertViewController.swift in Sources */ = {isa = PBXBuildFile; fileRef = 2C317C5C2CDE53DA002E58B9 /* YouWinAlertViewController.swift */; };
		2C3CEA462CDA3E3E0031F4EB /* Assets.xcassets in Resources */ = {isa = PBXBuildFile; fileRef = 2C3CEA3D2CDA3E3E0031F4EB /* Assets.xcassets */; };
		2C3CEA482CDA3E3E0031F4EB /* LaunchScreen.storyboard in Resources */ = {isa = PBXBuildFile; fileRef = 2C3CEA402CDA3E3E0031F4EB /* LaunchScreen.storyboard */; };
		2C3CEA4A2CDA3E3E0031F4EB /* AppDelegate.swift in Sources */ = {isa = PBXBuildFile; fileRef = 2C3CEA3C2CDA3E3E0031F4EB /* AppDelegate.swift */; };
		2C3CEA4B2CDA3E3E0031F4EB /* SceneDelegate.swift in Sources */ = {isa = PBXBuildFile; fileRef = 2C3CEA432CDA3E3E0031F4EB /* SceneDelegate.swift */; };
		2C3CEA4F2CDA41D40031F4EB /* LoadingViewController.xib in Resources */ = {isa = PBXBuildFile; fileRef = 2C3CEA4E2CDA41D40031F4EB /* LoadingViewController.xib */; };
		2C3CEA502CDA41D40031F4EB /* LoadingViewController.swift in Sources */ = {isa = PBXBuildFile; fileRef = 2C3CEA4D2CDA41D40031F4EB /* LoadingViewController.swift */; };
		2C3CEA592CDA48D70031F4EB /* UIFontExtension.swift in Sources */ = {isa = PBXBuildFile; fileRef = 2C3CEA582CDA48D70031F4EB /* UIFontExtension.swift */; };
		2C3CEA5C2CDA4A690031F4EB /* Judson-Bold.ttf in Resources */ = {isa = PBXBuildFile; fileRef = 2C3CEA5B2CDA4A690031F4EB /* Judson-Bold.ttf */; };
		2C3CEA602CDAC5A30031F4EB /* MainMenuViewController.xib in Resources */ = {isa = PBXBuildFile; fileRef = 2C3CEA5F2CDAC5A30031F4EB /* MainMenuViewController.xib */; };
		2C3CEA612CDAC5A30031F4EB /* MainMenuViewController.swift in Sources */ = {isa = PBXBuildFile; fileRef = 2C3CEA5E2CDAC5A30031F4EB /* MainMenuViewController.swift */; };
/* End PBXBuildFile section */

/* Begin PBXFileReference section */
		2C0D93302CEA286F001CDBB3 /* Notification.swift */ = {isa = PBXFileReference; lastKnownFileType = sourcecode.swift; path = Notification.swift; sourceTree = "<group>"; };
		2C0D93322CEA2B0B001CDBB3 /* UIResponder.swift */ = {isa = PBXFileReference; lastKnownFileType = sourcecode.swift; path = UIResponder.swift; sourceTree = "<group>"; };
		2C2601E02CDE706900BE6C33 /* SettingsViewController.swift */ = {isa = PBXFileReference; lastKnownFileType = sourcecode.swift; path = SettingsViewController.swift; sourceTree = "<group>"; };
		2C2601E12CDE706900BE6C33 /* SettingsViewController.xib */ = {isa = PBXFileReference; lastKnownFileType = file.xib; path = SettingsViewController.xib; sourceTree = "<group>"; };
		2C2601E42CDE74F400BE6C33 /* StringExtension.swift */ = {isa = PBXFileReference; lastKnownFileType = sourcecode.swift; path = StringExtension.swift; sourceTree = "<group>"; };
		2C2601E72CDEA56900BE6C33 /* PlinkoViewController.swift */ = {isa = PBXFileReference; lastKnownFileType = sourcecode.swift; path = PlinkoViewController.swift; sourceTree = "<group>"; };
		2C2601E82CDEA56900BE6C33 /* PlinkoViewController.xib */ = {isa = PBXFileReference; lastKnownFileType = file.xib; path = PlinkoViewController.xib; sourceTree = "<group>"; };
		2C2601EC2CDEA59100BE6C33 /* PlinkoViewControllerExtension.swift */ = {isa = PBXFileReference; lastKnownFileType = sourcecode.swift; path = PlinkoViewControllerExtension.swift; sourceTree = "<group>"; };
		2C2601EE2CE2218900BE6C33 /* PlinkoGameEngine.swift */ = {isa = PBXFileReference; lastKnownFileType = sourcecode.swift; path = PlinkoGameEngine.swift; sourceTree = "<group>"; };
		2C2601F12CE221DB00BE6C33 /* PlinkoModel.swift */ = {isa = PBXFileReference; lastKnownFileType = sourcecode.swift; path = PlinkoModel.swift; sourceTree = "<group>"; };
		2C2601F32CE2229D00BE6C33 /* PlinkoScene.swift */ = {isa = PBXFileReference; lastKnownFileType = sourcecode.swift; path = PlinkoScene.swift; sourceTree = "<group>"; };
		2C2601F52CE222A500BE6C33 /* PlinkoSceneDelegate.swift */ = {isa = PBXFileReference; lastKnownFileType = sourcecode.swift; path = PlinkoSceneDelegate.swift; sourceTree = "<group>"; };
		2C2601F72CE2248600BE6C33 /* PlinkoCollisionBitMask.swift */ = {isa = PBXFileReference; lastKnownFileType = sourcecode.swift; path = PlinkoCollisionBitMask.swift; sourceTree = "<group>"; };
		2C2601FA2CE23C7C00BE6C33 /* test.mp3 */ = {isa = PBXFileReference; lastKnownFileType = audio.mp3; path = test.mp3; sourceTree = "<group>"; };
		2C2601FC2CE23E4800BE6C33 /* SoundManager.swift */ = {isa = PBXFileReference; lastKnownFileType = sourcecode.swift; path = SoundManager.swift; sourceTree = "<group>"; };
		2C2601FE2CE2492600BE6C33 /* OpenSans-Bold.ttf */ = {isa = PBXFileReference; lastKnownFileType = file; path = "OpenSans-Bold.ttf"; sourceTree = "<group>"; };
		2C317C072CDAC6E8002E58B9 /* UICustomGreenButton.swift */ = {isa = PBXFileReference; lastKnownFileType = sourcecode.swift; path = UICustomGreenButton.swift; sourceTree = "<group>"; };
		2C317C0B2CDAD7FE002E58B9 /* MenuGameView.swift */ = {isa = PBXFileReference; lastKnownFileType = sourcecode.swift; path = MenuGameView.swift; sourceTree = "<group>"; };
		2C317C102CDAE218002E58B9 /* UIColorExtension.swift */ = {isa = PBXFileReference; lastKnownFileType = sourcecode.swift; path = UIColorExtension.swift; sourceTree = "<group>"; };
		2C317C122CDAE2A5002E58B9 /* Suranna-Regular.ttf */ = {isa = PBXFileReference; lastKnownFileType = file; path = "Suranna-Regular.ttf"; sourceTree = "<group>"; };
		2C317C142CDAE699002E58B9 /* Inter-Bold.ttf */ = {isa = PBXFileReference; lastKnownFileType = file; path = "Inter-Bold.ttf"; sourceTree = "<group>"; };
		2C317C162CDB60CE002E58B9 /* CALayerExtension.swift */ = {isa = PBXFileReference; lastKnownFileType = sourcecode.swift; path = CALayerExtension.swift; sourceTree = "<group>"; };
		2C317C192CDB62EF002E58B9 /* MenuGameViewModel.swift */ = {isa = PBXFileReference; lastKnownFileType = sourcecode.swift; path = MenuGameViewModel.swift; sourceTree = "<group>"; };
		2C317C1B2CDC0E96002E58B9 /* UIViewControllerExtension.swift */ = {isa = PBXFileReference; lastKnownFileType = sourcecode.swift; path = UIViewControllerExtension.swift; sourceTree = "<group>"; };
		2C317C1E2CDC13F8002E58B9 /* SlotsViewController.swift */ = {isa = PBXFileReference; lastKnownFileType = sourcecode.swift; path = SlotsViewController.swift; sourceTree = "<group>"; };
		2C317C1F2CDC13F8002E58B9 /* SlotsViewController.xib */ = {isa = PBXFileReference; lastKnownFileType = file.xib; path = SlotsViewController.xib; sourceTree = "<group>"; };
		2C317C232CDC18ED002E58B9 /* UIFooterBetAndSpinView.swift */ = {isa = PBXFileReference; lastKnownFileType = sourcecode.swift; path = UIFooterBetAndSpinView.swift; sourceTree = "<group>"; };
		2C317C262CDCC946002E58B9 /* StorageManager.swift */ = {isa = PBXFileReference; lastKnownFileType = sourcecode.swift; path = StorageManager.swift; sourceTree = "<group>"; };
		2C317C282CDCCCEE002E58B9 /* SlotsGameEngine.swift */ = {isa = PBXFileReference; lastKnownFileType = sourcecode.swift; path = SlotsGameEngine.swift; sourceTree = "<group>"; };
		2C317C2B2CDCDCEA002E58B9 /* ArrayExtension.swift */ = {isa = PBXFileReference; lastKnownFileType = sourcecode.swift; path = ArrayExtension.swift; sourceTree = "<group>"; };
		2C317C2D2CDCEB87002E58B9 /* UIBalanceLabel.swift */ = {isa = PBXFileReference; lastKnownFileType = sourcecode.swift; path = UIBalanceLabel.swift; sourceTree = "<group>"; };
		2C317C2F2CDCF71C002E58B9 /* KohSantepheap-Bold.ttf */ = {isa = PBXFileReference; lastKnownFileType = file; path = "KohSantepheap-Bold.ttf"; sourceTree = "<group>"; };
		2C317C312CDCF857002E58B9 /* UITwoRowLabel.swift */ = {isa = PBXFileReference; lastKnownFileType = sourcecode.swift; path = UITwoRowLabel.swift; sourceTree = "<group>"; };
		2C317C332CDCFCB1002E58B9 /* UIBetView.swift */ = {isa = PBXFileReference; lastKnownFileType = sourcecode.swift; path = UIBetView.swift; sourceTree = "<group>"; };
		2C317C362CDD810D002E58B9 /* MiniGameEngine.swift */ = {isa = PBXFileReference; lastKnownFileType = sourcecode.swift; path = MiniGameEngine.swift; sourceTree = "<group>"; };
		2C317C382CDD8483002E58B9 /* SlotsViewControllerExtension.swift */ = {isa = PBXFileReference; lastKnownFileType = sourcecode.swift; path = SlotsViewControllerExtension.swift; sourceTree = "<group>"; };
		2C317C3A2CDD856F002E58B9 /* UIFooterSpinDelegate.swift */ = {isa = PBXFileReference; lastKnownFileType = sourcecode.swift; path = UIFooterSpinDelegate.swift; sourceTree = "<group>"; };
		2C317C3C2CDD858D002E58B9 /* UIFooterBetAndSpinViewModel.swift */ = {isa = PBXFileReference; lastKnownFileType = sourcecode.swift; path = UIFooterBetAndSpinViewModel.swift; sourceTree = "<group>"; };
		2C317C402CDD8DB9002E58B9 /* SlotMachineScene.swift */ = {isa = PBXFileReference; lastKnownFileType = sourcecode.swift; path = SlotMachineScene.swift; sourceTree = "<group>"; };
		2C317C422CDD8DF0002E58B9 /* SlotMachineSceneConfiguration.swift */ = {isa = PBXFileReference; lastKnownFileType = sourcecode.swift; path = SlotMachineSceneConfiguration.swift; sourceTree = "<group>"; };
		2C317C442CDD8E16002E58B9 /* SlotsModel.swift */ = {isa = PBXFileReference; lastKnownFileType = sourcecode.swift; path = SlotsModel.swift; sourceTree = "<group>"; };
		2C317C462CDD8E2D002E58B9 /* SlotMachineSceneDelegate.swift */ = {isa = PBXFileReference; lastKnownFileType = sourcecode.swift; path = SlotMachineSceneDelegate.swift; sourceTree = "<group>"; };
		2C317C4A2CDE14B2002E58B9 /* RouletteScene.swift */ = {isa = PBXFileReference; lastKnownFileType = sourcecode.swift; path = RouletteScene.swift; sourceTree = "<group>"; };
		2C317C4C2CDE162B002E58B9 /* RouletteSceneDelegate.swift */ = {isa = PBXFileReference; lastKnownFileType = sourcecode.swift; path = RouletteSceneDelegate.swift; sourceTree = "<group>"; };
		2C317C4F2CDE2394002E58B9 /* RouletteViewController.swift */ = {isa = PBXFileReference; lastKnownFileType = sourcecode.swift; path = RouletteViewController.swift; sourceTree = "<group>"; };
		2C317C502CDE2394002E58B9 /* RouletteViewController.xib */ = {isa = PBXFileReference; lastKnownFileType = file.xib; path = RouletteViewController.xib; sourceTree = "<group>"; };
		2C317C532CDE23AA002E58B9 /* RouletteViewControllerExtension.swift */ = {isa = PBXFileReference; lastKnownFileType = sourcecode.swift; path = RouletteViewControllerExtension.swift; sourceTree = "<group>"; };
		2C317C552CDE2561002E58B9 /* RouletteGameEngine.swift */ = {isa = PBXFileReference; lastKnownFileType = sourcecode.swift; path = RouletteGameEngine.swift; sourceTree = "<group>"; };
		2C317C572CDE25A8002E58B9 /* RouletteModel.swift */ = {isa = PBXFileReference; lastKnownFileType = sourcecode.swift; path = RouletteModel.swift; sourceTree = "<group>"; };
		2C317C592CDE2A9F002E58B9 /* DoubleExtension.swift */ = {isa = PBXFileReference; lastKnownFileType = sourcecode.swift; path = DoubleExtension.swift; sourceTree = "<group>"; };
		2C317C5C2CDE53DA002E58B9 /* YouWinAlertViewController.swift */ = {isa = PBXFileReference; lastKnownFileType = sourcecode.swift; path = YouWinAlertViewController.swift; sourceTree = "<group>"; };
		2C317C5D2CDE53DA002E58B9 /* YouWinAlertViewController.xib */ = {isa = PBXFileReference; lastKnownFileType = file.xib; path = YouWinAlertViewController.xib; sourceTree = "<group>"; };
		2C3CEA242CD981DF0031F4EB /* TestSlots.app */ = {isa = PBXFileReference; explicitFileType = wrapper.application; includeInIndex = 0; path = TestSlots.app; sourceTree = BUILT_PRODUCTS_DIR; };
		2C3CEA3C2CDA3E3E0031F4EB /* AppDelegate.swift */ = {isa = PBXFileReference; lastKnownFileType = sourcecode.swift; path = AppDelegate.swift; sourceTree = "<group>"; };
		2C3CEA3D2CDA3E3E0031F4EB /* Assets.xcassets */ = {isa = PBXFileReference; lastKnownFileType = folder.assetcatalog; path = Assets.xcassets; sourceTree = "<group>"; };
		2C3CEA3E2CDA3E3E0031F4EB /* Info.plist */ = {isa = PBXFileReference; lastKnownFileType = text.plist.xml; path = Info.plist; sourceTree = "<group>"; };
		2C3CEA3F2CDA3E3E0031F4EB /* Base */ = {isa = PBXFileReference; lastKnownFileType = file.storyboard; name = Base; path = Base.lproj/LaunchScreen.storyboard; sourceTree = "<group>"; };
		2C3CEA432CDA3E3E0031F4EB /* SceneDelegate.swift */ = {isa = PBXFileReference; lastKnownFileType = sourcecode.swift; path = SceneDelegate.swift; sourceTree = "<group>"; };
		2C3CEA4D2CDA41D40031F4EB /* LoadingViewController.swift */ = {isa = PBXFileReference; lastKnownFileType = sourcecode.swift; path = LoadingViewController.swift; sourceTree = "<group>"; };
		2C3CEA4E2CDA41D40031F4EB /* LoadingViewController.xib */ = {isa = PBXFileReference; lastKnownFileType = file.xib; path = LoadingViewController.xib; sourceTree = "<group>"; };
		2C3CEA582CDA48D70031F4EB /* UIFontExtension.swift */ = {isa = PBXFileReference; lastKnownFileType = sourcecode.swift; path = UIFontExtension.swift; sourceTree = "<group>"; };
		2C3CEA5B2CDA4A690031F4EB /* Judson-Bold.ttf */ = {isa = PBXFileReference; lastKnownFileType = file; path = "Judson-Bold.ttf"; sourceTree = "<group>"; };
		2C3CEA5E2CDAC5A30031F4EB /* MainMenuViewController.swift */ = {isa = PBXFileReference; lastKnownFileType = sourcecode.swift; path = MainMenuViewController.swift; sourceTree = "<group>"; };
		2C3CEA5F2CDAC5A30031F4EB /* MainMenuViewController.xib */ = {isa = PBXFileReference; lastKnownFileType = file.xib; path = MainMenuViewController.xib; sourceTree = "<group>"; };
/* End PBXFileReference section */

/* Begin PBXFrameworksBuildPhase section */
		2C3CEA212CD981DF0031F4EB /* Frameworks */ = {
			isa = PBXFrameworksBuildPhase;
			buildActionMask = 2147483647;
			files = (
				2C317C0F2CDAD875002E58B9 /* SnapKit in Frameworks */,
			);
			runOnlyForDeploymentPostprocessing = 0;
		};
/* End PBXFrameworksBuildPhase section */

/* Begin PBXGroup section */
		2C2601DF2CDE705300BE6C33 /* SettingsViewController */ = {
			isa = PBXGroup;
			children = (
				2C2601E02CDE706900BE6C33 /* SettingsViewController.swift */,
				2C2601E12CDE706900BE6C33 /* SettingsViewController.xib */,
			);
			path = SettingsViewController;
			sourceTree = "<group>";
		};
		2C2601E62CDEA54D00BE6C33 /* Plinko */ = {
			isa = PBXGroup;
			children = (
				2C2601EB2CDEA57500BE6C33 /* PlinkoViewController */,
				2C2601F02CE221CB00BE6C33 /* PlinkoScene */,
			);
			path = Plinko;
			sourceTree = "<group>";
		};
		2C2601EB2CDEA57500BE6C33 /* PlinkoViewController */ = {
			isa = PBXGroup;
			children = (
				2C2601EC2CDEA59100BE6C33 /* PlinkoViewControllerExtension.swift */,
				2C2601E72CDEA56900BE6C33 /* PlinkoViewController.swift */,
				2C2601E82CDEA56900BE6C33 /* PlinkoViewController.xib */,
			);
			path = PlinkoViewController;
			sourceTree = "<group>";
		};
		2C2601F02CE221CB00BE6C33 /* PlinkoScene */ = {
			isa = PBXGroup;
			children = (
				2C2601F12CE221DB00BE6C33 /* PlinkoModel.swift */,
				2C2601F32CE2229D00BE6C33 /* PlinkoScene.swift */,
				2C2601F52CE222A500BE6C33 /* PlinkoSceneDelegate.swift */,
				2C2601F72CE2248600BE6C33 /* PlinkoCollisionBitMask.swift */,
			);
			path = PlinkoScene;
			sourceTree = "<group>";
		};
		2C2601F92CE23C7000BE6C33 /* Sounds */ = {
			isa = PBXGroup;
			children = (
				2C2601FA2CE23C7C00BE6C33 /* test.mp3 */,
			);
			path = Sounds;
			sourceTree = "<group>";
		};
		2C317C052CDAC66B002E58B9 /* UICustomElements */ = {
			isa = PBXGroup;
			children = (
				2C317C222CDC18B7002E58B9 /* UIFooterBetAndSpinView */,
				2C317C072CDAC6E8002E58B9 /* UICustomGreenButton.swift */,
				2C317C2D2CDCEB87002E58B9 /* UIBalanceLabel.swift */,
				2C317C312CDCF857002E58B9 /* UITwoRowLabel.swift */,
				2C317C332CDCFCB1002E58B9 /* UIBetView.swift */,
			);
			path = UICustomElements;
			sourceTree = "<group>";
		};
		2C317C182CDB62C2002E58B9 /* MenuGameItem */ = {
			isa = PBXGroup;
			children = (
				2C317C0B2CDAD7FE002E58B9 /* MenuGameView.swift */,
				2C317C192CDB62EF002E58B9 /* MenuGameViewModel.swift */,
			);
			path = MenuGameItem;
			sourceTree = "<group>";
		};
		2C317C1D2CDC13DE002E58B9 /* SlotsViewController */ = {
			isa = PBXGroup;
			children = (
				2C317C382CDD8483002E58B9 /* SlotsViewControllerExtension.swift */,
				2C317C1E2CDC13F8002E58B9 /* SlotsViewController.swift */,
				2C317C1F2CDC13F8002E58B9 /* SlotsViewController.xib */,
			);
			path = SlotsViewController;
			sourceTree = "<group>";
		};
		2C317C222CDC18B7002E58B9 /* UIFooterBetAndSpinView */ = {
			isa = PBXGroup;
			children = (
				2C317C232CDC18ED002E58B9 /* UIFooterBetAndSpinView.swift */,
				2C317C3A2CDD856F002E58B9 /* UIFooterSpinDelegate.swift */,
				2C317C3C2CDD858D002E58B9 /* UIFooterBetAndSpinViewModel.swift */,
			);
			path = UIFooterBetAndSpinView;
			sourceTree = "<group>";
		};
		2C317C252CDCC8B2002E58B9 /* Managers */ = {
			isa = PBXGroup;
			children = (
				2C317C352CDD80E4002E58B9 /* MiniGameEngine */,
				2C317C262CDCC946002E58B9 /* StorageManager.swift */,
				2C2601FC2CE23E4800BE6C33 /* SoundManager.swift */,
			);
			path = Managers;
			sourceTree = "<group>";
		};
		2C317C352CDD80E4002E58B9 /* MiniGameEngine */ = {
			isa = PBXGroup;
			children = (
				2C317C362CDD810D002E58B9 /* MiniGameEngine.swift */,
				2C317C282CDCCCEE002E58B9 /* SlotsGameEngine.swift */,
				2C317C552CDE2561002E58B9 /* RouletteGameEngine.swift */,
				2C2601EE2CE2218900BE6C33 /* PlinkoGameEngine.swift */,
			);
			path = MiniGameEngine;
			sourceTree = "<group>";
		};
		2C317C3E2CDD8CBB002E58B9 /* Slots */ = {
			isa = PBXGroup;
			children = (
				2C317C1D2CDC13DE002E58B9 /* SlotsViewController */,
				2C317C3F2CDD8D97002E58B9 /* SlotMachineScene */,
			);
			path = Slots;
			sourceTree = "<group>";
		};
		2C317C3F2CDD8D97002E58B9 /* SlotMachineScene */ = {
			isa = PBXGroup;
			children = (
				2C317C442CDD8E16002E58B9 /* SlotsModel.swift */,
				2C317C422CDD8DF0002E58B9 /* SlotMachineSceneConfiguration.swift */,
				2C317C402CDD8DB9002E58B9 /* SlotMachineScene.swift */,
				2C317C462CDD8E2D002E58B9 /* SlotMachineSceneDelegate.swift */,
			);
			path = SlotMachineScene;
			sourceTree = "<group>";
		};
		2C317C482CDE148D002E58B9 /* Roulette */ = {
			isa = PBXGroup;
			children = (
				2C317C4E2CDE2381002E58B9 /* RouletteViewController */,
				2C317C492CDE14A2002E58B9 /* RouletteScene */,
			);
			path = Roulette;
			sourceTree = "<group>";
		};
		2C317C492CDE14A2002E58B9 /* RouletteScene */ = {
			isa = PBXGroup;
			children = (
				2C317C572CDE25A8002E58B9 /* RouletteModel.swift */,
				2C317C4A2CDE14B2002E58B9 /* RouletteScene.swift */,
				2C317C4C2CDE162B002E58B9 /* RouletteSceneDelegate.swift */,
			);
			path = RouletteScene;
			sourceTree = "<group>";
		};
		2C317C4E2CDE2381002E58B9 /* RouletteViewController */ = {
			isa = PBXGroup;
			children = (
				2C317C532CDE23AA002E58B9 /* RouletteViewControllerExtension.swift */,
				2C317C4F2CDE2394002E58B9 /* RouletteViewController.swift */,
				2C317C502CDE2394002E58B9 /* RouletteViewController.xib */,
			);
			path = RouletteViewController;
			sourceTree = "<group>";
		};
		2C317C5B2CDE53BE002E58B9 /* YouWinAlert */ = {
			isa = PBXGroup;
			children = (
				2C317C5C2CDE53DA002E58B9 /* YouWinAlertViewController.swift */,
				2C317C5D2CDE53DA002E58B9 /* YouWinAlertViewController.xib */,
			);
			path = YouWinAlert;
			sourceTree = "<group>";
		};
		2C3CEA1B2CD981DF0031F4EB = {
			isa = PBXGroup;
			children = (
				2C3CEA452CDA3E3E0031F4EB /* TestSlots */,
				2C3CEA252CD981DF0031F4EB /* Products */,
			);
			sourceTree = "<group>";
		};
		2C3CEA252CD981DF0031F4EB /* Products */ = {
			isa = PBXGroup;
			children = (
				2C3CEA242CD981DF0031F4EB /* TestSlots.app */,
			);
			name = Products;
			sourceTree = "<group>";
		};
		2C3CEA452CDA3E3E0031F4EB /* TestSlots */ = {
			isa = PBXGroup;
			children = (
				2C317C252CDCC8B2002E58B9 /* Managers */,
				2C317C052CDAC66B002E58B9 /* UICustomElements */,
				2C3CEA552CDA48B10031F4EB /* Extensions */,
				2C3CEA532CDA43230031F4EB /* ViewControllers */,
				2C3CEA522CDA430D0031F4EB /* Resources */,
				2C3CEA512CDA43030031F4EB /* Launch */,
			);
			path = TestSlots;
			sourceTree = "<group>";
		};
		2C3CEA512CDA43030031F4EB /* Launch */ = {
			isa = PBXGroup;
			children = (
				2C3CEA3C2CDA3E3E0031F4EB /* AppDelegate.swift */,
				2C3CEA432CDA3E3E0031F4EB /* SceneDelegate.swift */,
				2C3CEA402CDA3E3E0031F4EB /* LaunchScreen.storyboard */,
			);
			path = Launch;
			sourceTree = "<group>";
		};
		2C3CEA522CDA430D0031F4EB /* Resources */ = {
			isa = PBXGroup;
			children = (
				2C2601F92CE23C7000BE6C33 /* Sounds */,
				2C3CEA5A2CDA4A380031F4EB /* Fonts */,
				2C3CEA3D2CDA3E3E0031F4EB /* Assets.xcassets */,
				2C3CEA3E2CDA3E3E0031F4EB /* Info.plist */,
			);
			path = Resources;
			sourceTree = "<group>";
		};
		2C3CEA532CDA43230031F4EB /* ViewControllers */ = {
			isa = PBXGroup;
			children = (
				2C317C5B2CDE53BE002E58B9 /* YouWinAlert */,
				2C2601E62CDEA54D00BE6C33 /* Plinko */,
				2C317C482CDE148D002E58B9 /* Roulette */,
				2C317C3E2CDD8CBB002E58B9 /* Slots */,
				2C2601DF2CDE705300BE6C33 /* SettingsViewController */,
				2C3CEA5D2CDAC5860031F4EB /* MainMenuViewController */,
				2C3CEA542CDA432F0031F4EB /* LoadingViewController */,
			);
			path = ViewControllers;
			sourceTree = "<group>";
		};
		2C3CEA542CDA432F0031F4EB /* LoadingViewController */ = {
			isa = PBXGroup;
			children = (
				2C3CEA4D2CDA41D40031F4EB /* LoadingViewController.swift */,
				2C3CEA4E2CDA41D40031F4EB /* LoadingViewController.xib */,
			);
			path = LoadingViewController;
			sourceTree = "<group>";
		};
		2C3CEA552CDA48B10031F4EB /* Extensions */ = {
			isa = PBXGroup;
			children = (
				2C3CEA582CDA48D70031F4EB /* UIFontExtension.swift */,
				2C317C102CDAE218002E58B9 /* UIColorExtension.swift */,
				2C317C162CDB60CE002E58B9 /* CALayerExtension.swift */,
				2C317C1B2CDC0E96002E58B9 /* UIViewControllerExtension.swift */,
				2C317C2B2CDCDCEA002E58B9 /* ArrayExtension.swift */,
				2C317C592CDE2A9F002E58B9 /* DoubleExtension.swift */,
				2C2601E42CDE74F400BE6C33 /* StringExtension.swift */,
				2C0D93302CEA286F001CDBB3 /* Notification.swift */,
				2C0D93322CEA2B0B001CDBB3 /* UIResponder.swift */,
			);
			path = Extensions;
			sourceTree = "<group>";
		};
		2C3CEA5A2CDA4A380031F4EB /* Fonts */ = {
			isa = PBXGroup;
			children = (
				2C2601FE2CE2492600BE6C33 /* OpenSans-Bold.ttf */,
				2C317C2F2CDCF71C002E58B9 /* KohSantepheap-Bold.ttf */,
				2C317C142CDAE699002E58B9 /* Inter-Bold.ttf */,
				2C3CEA5B2CDA4A690031F4EB /* Judson-Bold.ttf */,
				2C317C122CDAE2A5002E58B9 /* Suranna-Regular.ttf */,
			);
			path = Fonts;
			sourceTree = "<group>";
		};
		2C3CEA5D2CDAC5860031F4EB /* MainMenuViewController */ = {
			isa = PBXGroup;
			children = (
				2C317C182CDB62C2002E58B9 /* MenuGameItem */,
				2C3CEA5E2CDAC5A30031F4EB /* MainMenuViewController.swift */,
				2C3CEA5F2CDAC5A30031F4EB /* MainMenuViewController.xib */,
			);
			path = MainMenuViewController;
			sourceTree = "<group>";
		};
/* End PBXGroup section */

/* Begin PBXNativeTarget section */
		2C3CEA232CD981DF0031F4EB /* TestSlots */ = {
			isa = PBXNativeTarget;
			buildConfigurationList = 2C3CEA372CD981E00031F4EB /* Build configuration list for PBXNativeTarget "TestSlots" */;
			buildPhases = (
				2C3CEA202CD981DF0031F4EB /* Sources */,
				2C3CEA212CD981DF0031F4EB /* Frameworks */,
				2C3CEA222CD981DF0031F4EB /* Resources */,
			);
			buildRules = (
			);
			dependencies = (
			);
			name = TestSlots;
			packageProductDependencies = (
				2C317C0E2CDAD875002E58B9 /* SnapKit */,
			);
			productName = TestSlots;
			productReference = 2C3CEA242CD981DF0031F4EB /* TestSlots.app */;
			productType = "com.apple.product-type.application";
		};
/* End PBXNativeTarget section */

/* Begin PBXProject section */
		2C3CEA1C2CD981DF0031F4EB /* Project object */ = {
			isa = PBXProject;
			attributes = {
				BuildIndependentTargetsInParallel = 1;
				LastSwiftUpdateCheck = 1610;
				LastUpgradeCheck = 1610;
				TargetAttributes = {
					2C3CEA232CD981DF0031F4EB = {
						CreatedOnToolsVersion = 16.1;
					};
				};
			};
			buildConfigurationList = 2C3CEA1F2CD981DF0031F4EB /* Build configuration list for PBXProject "TestSlots" */;
			compatibilityVersion = "Xcode 15.0";
			developmentRegion = en;
			hasScannedForEncodings = 0;
			knownRegions = (
				en,
				Base,
			);
			mainGroup = 2C3CEA1B2CD981DF0031F4EB;
			minimizedProjectReferenceProxies = 1;
			packageReferences = (
				2C317C0D2CDAD875002E58B9 /* XCRemoteSwiftPackageReference "SnapKit" */,
			);
			productRefGroup = 2C3CEA252CD981DF0031F4EB /* Products */;
			projectDirPath = "";
			projectRoot = "";
			targets = (
				2C3CEA232CD981DF0031F4EB /* TestSlots */,
			);
		};
/* End PBXProject section */

/* Begin PBXResourcesBuildPhase section */
		2C3CEA222CD981DF0031F4EB /* Resources */ = {
			isa = PBXResourcesBuildPhase;
			buildActionMask = 2147483647;
			files = (
				2C2601FB2CE23C7C00BE6C33 /* test.mp3 in Resources */,
				2C317C5E2CDE53DA002E58B9 /* YouWinAlertViewController.xib in Resources */,
				2C317C132CDAE2A5002E58B9 /* Suranna-Regular.ttf in Resources */,
				2C3CEA5C2CDA4A690031F4EB /* Judson-Bold.ttf in Resources */,
				2C3CEA462CDA3E3E0031F4EB /* Assets.xcassets in Resources */,
				2C317C302CDCF71C002E58B9 /* KohSantepheap-Bold.ttf in Resources */,
				2C2601EA2CDEA56900BE6C33 /* PlinkoViewController.xib in Resources */,
				2C317C512CDE2394002E58B9 /* RouletteViewController.xib in Resources */,
				2C2601FF2CE2492600BE6C33 /* OpenSans-Bold.ttf in Resources */,
				2C317C152CDAE699002E58B9 /* Inter-Bold.ttf in Resources */,
				2C2601E32CDE706900BE6C33 /* SettingsViewController.xib in Resources */,
				2C317C202CDC13F8002E58B9 /* SlotsViewController.xib in Resources */,
				2C3CEA482CDA3E3E0031F4EB /* LaunchScreen.storyboard in Resources */,
				2C3CEA602CDAC5A30031F4EB /* MainMenuViewController.xib in Resources */,
				2C3CEA4F2CDA41D40031F4EB /* LoadingViewController.xib in Resources */,
			);
			runOnlyForDeploymentPostprocessing = 0;
		};
/* End PBXResourcesBuildPhase section */

/* Begin PBXSourcesBuildPhase section */
		2C3CEA202CD981DF0031F4EB /* Sources */ = {
			isa = PBXSourcesBuildPhase;
			buildActionMask = 2147483647;
			files = (
				2C317C0C2CDAD7FE002E58B9 /* MenuGameView.swift in Sources */,
				2C317C1A2CDB62EF002E58B9 /* MenuGameViewModel.swift in Sources */,
				2C317C542CDE23AA002E58B9 /* RouletteViewControllerExtension.swift in Sources */,
				2C2601E92CDEA56900BE6C33 /* PlinkoViewController.swift in Sources */,
				2C2601E52CDE74F400BE6C33 /* StringExtension.swift in Sources */,
				2C317C522CDE2394002E58B9 /* RouletteViewController.swift in Sources */,
				2C317C392CDD8483002E58B9 /* SlotsViewControllerExtension.swift in Sources */,
				2C317C2E2CDCEB87002E58B9 /* UIBalanceLabel.swift in Sources */,
				2C317C472CDD8E2D002E58B9 /* SlotMachineSceneDelegate.swift in Sources */,
				2C3CEA4A2CDA3E3E0031F4EB /* AppDelegate.swift in Sources */,
				2C0D93332CEA2B0B001CDBB3 /* UIResponder.swift in Sources */,
				2C317C582CDE25A8002E58B9 /* RouletteModel.swift in Sources */,
				2C317C372CDD810D002E58B9 /* MiniGameEngine.swift in Sources */,
				2C317C272CDCC946002E58B9 /* StorageManager.swift in Sources */,
				2C317C432CDD8DF0002E58B9 /* SlotMachineSceneConfiguration.swift in Sources */,
				2C3CEA612CDAC5A30031F4EB /* MainMenuViewController.swift in Sources */,
				2C317C342CDCFCB1002E58B9 /* UIBetView.swift in Sources */,
				2C317C3B2CDD856F002E58B9 /* UIFooterSpinDelegate.swift in Sources */,
				2C2601ED2CDEA59100BE6C33 /* PlinkoViewControllerExtension.swift in Sources */,
				2C317C212CDC13F8002E58B9 /* SlotsViewController.swift in Sources */,
				2C317C4D2CDE162B002E58B9 /* RouletteSceneDelegate.swift in Sources */,
				2C317C242CDC18ED002E58B9 /* UIFooterBetAndSpinView.swift in Sources */,
				2C2601F82CE2248600BE6C33 /* PlinkoCollisionBitMask.swift in Sources */,
				2C317C5A2CDE2A9F002E58B9 /* DoubleExtension.swift in Sources */,
				2C317C322CDCF857002E58B9 /* UITwoRowLabel.swift in Sources */,
				2C317C3D2CDD858D002E58B9 /* UIFooterBetAndSpinViewModel.swift in Sources */,
				2C317C112CDAE218002E58B9 /* UIColorExtension.swift in Sources */,
				2C0D93312CEA286F001CDBB3 /* Notification.swift in Sources */,
				2C317C082CDAC6E8002E58B9 /* UICustomGreenButton.swift in Sources */,
				2C3CEA4B2CDA3E3E0031F4EB /* SceneDelegate.swift in Sources */,
				2C317C172CDB60CE002E58B9 /* CALayerExtension.swift in Sources */,
				2C317C5F2CDE53DA002E58B9 /* YouWinAlertViewController.swift in Sources */,
				2C2601F42CE2229D00BE6C33 /* PlinkoScene.swift in Sources */,
				2C317C562CDE2561002E58B9 /* RouletteGameEngine.swift in Sources */,
				2C317C4B2CDE14B2002E58B9 /* RouletteScene.swift in Sources */,
				2C2601F22CE221DB00BE6C33 /* PlinkoModel.swift in Sources */,
				2C317C2C2CDCDCEA002E58B9 /* ArrayExtension.swift in Sources */,
				2C3CEA592CDA48D70031F4EB /* UIFontExtension.swift in Sources */,
				2C317C452CDD8E16002E58B9 /* SlotsModel.swift in Sources */,
				2C317C1C2CDC0E96002E58B9 /* UIViewControllerExtension.swift in Sources */,
				2C3CEA502CDA41D40031F4EB /* LoadingViewController.swift in Sources */,
				2C317C412CDD8DB9002E58B9 /* SlotMachineScene.swift in Sources */,
				2C317C292CDCCCEE002E58B9 /* SlotsGameEngine.swift in Sources */,
				2C2601EF2CE2218900BE6C33 /* PlinkoGameEngine.swift in Sources */,
				2C2601F62CE222A500BE6C33 /* PlinkoSceneDelegate.swift in Sources */,
				2C2601E22CDE706900BE6C33 /* SettingsViewController.swift in Sources */,
				2C2601FD2CE23E4800BE6C33 /* SoundManager.swift in Sources */,
			);
			runOnlyForDeploymentPostprocessing = 0;
		};
/* End PBXSourcesBuildPhase section */

/* Begin PBXVariantGroup section */
		2C3CEA402CDA3E3E0031F4EB /* LaunchScreen.storyboard */ = {
			isa = PBXVariantGroup;
			children = (
				2C3CEA3F2CDA3E3E0031F4EB /* Base */,
			);
			name = LaunchScreen.storyboard;
			sourceTree = "<group>";
		};
/* End PBXVariantGroup section */

/* Begin XCBuildConfiguration section */
		2C3CEA382CD981E00031F4EB /* Debug */ = {
			isa = XCBuildConfiguration;
			buildSettings = {
				ASSETCATALOG_COMPILER_APPICON_NAME = AppIcon;
				ASSETCATALOG_COMPILER_GLOBAL_ACCENT_COLOR_NAME = AccentColor;
				CODE_SIGN_STYLE = Automatic;
				CURRENT_PROJECT_VERSION = 1;
				DEVELOPMENT_TEAM = 5Q397TP2A3;
				GENERATE_INFOPLIST_FILE = YES;
				INFOPLIST_FILE = TestSlots/Resources/Info.plist;
				INFOPLIST_KEY_UIApplicationSupportsIndirectInputEvents = YES;
				INFOPLIST_KEY_UILaunchStoryboardName = LaunchScreen;
				INFOPLIST_KEY_UISupportedInterfaceOrientations = "UIInterfaceOrientationLandscapeLeft UIInterfaceOrientationLandscapeRight";
				LD_RUNPATH_SEARCH_PATHS = (
					"$(inherited)",
					"@executable_path/Frameworks",
				);
				MARKETING_VERSION = 1.0;
				PRODUCT_BUNDLE_IDENTIFIER = com.ivan.maister.TestSlots;
				PRODUCT_NAME = "$(TARGET_NAME)";
				SUPPORTED_PLATFORMS = "iphoneos iphonesimulator";
				SUPPORTS_MACCATALYST = NO;
				SUPPORTS_MAC_DESIGNED_FOR_IPHONE_IPAD = NO;
				SWIFT_EMIT_LOC_STRINGS = YES;
				SWIFT_VERSION = 5.0;
				TARGETED_DEVICE_FAMILY = 1;
			};
			name = Debug;
		};
		2C3CEA392CD981E00031F4EB /* Release */ = {
			isa = XCBuildConfiguration;
			buildSettings = {
				ASSETCATALOG_COMPILER_APPICON_NAME = AppIcon;
				ASSETCATALOG_COMPILER_GLOBAL_ACCENT_COLOR_NAME = AccentColor;
				CODE_SIGN_STYLE = Automatic;
				CURRENT_PROJECT_VERSION = 1;
				DEVELOPMENT_TEAM = 5Q397TP2A3;
				GENERATE_INFOPLIST_FILE = YES;
				INFOPLIST_FILE = TestSlots/Resources/Info.plist;
				INFOPLIST_KEY_UIApplicationSupportsIndirectInputEvents = YES;
				INFOPLIST_KEY_UILaunchStoryboardName = LaunchScreen;
				INFOPLIST_KEY_UISupportedInterfaceOrientations = "UIInterfaceOrientationLandscapeLeft UIInterfaceOrientationLandscapeRight";
				LD_RUNPATH_SEARCH_PATHS = (
					"$(inherited)",
					"@executable_path/Frameworks",
				);
				MARKETING_VERSION = 1.0;
				PRODUCT_BUNDLE_IDENTIFIER = com.ivan.maister.TestSlots;
				PRODUCT_NAME = "$(TARGET_NAME)";
				SUPPORTED_PLATFORMS = "iphoneos iphonesimulator";
				SUPPORTS_MACCATALYST = NO;
				SUPPORTS_MAC_DESIGNED_FOR_IPHONE_IPAD = NO;
				SWIFT_EMIT_LOC_STRINGS = YES;
				SWIFT_VERSION = 5.0;
				TARGETED_DEVICE_FAMILY = 1;
			};
			name = Release;
		};
		2C3CEA3A2CD981E00031F4EB /* Debug */ = {
			isa = XCBuildConfiguration;
			buildSettings = {
				ALWAYS_SEARCH_USER_PATHS = NO;
				ASSETCATALOG_COMPILER_GENERATE_SWIFT_ASSET_SYMBOL_EXTENSIONS = YES;
				CLANG_ANALYZER_NONNULL = YES;
				CLANG_ANALYZER_NUMBER_OBJECT_CONVERSION = YES_AGGRESSIVE;
				CLANG_CXX_LANGUAGE_STANDARD = "gnu++20";
				CLANG_ENABLE_MODULES = YES;
				CLANG_ENABLE_OBJC_ARC = YES;
				CLANG_ENABLE_OBJC_WEAK = YES;
				CLANG_WARN_BLOCK_CAPTURE_AUTORELEASING = YES;
				CLANG_WARN_BOOL_CONVERSION = YES;
				CLANG_WARN_COMMA = YES;
				CLANG_WARN_CONSTANT_CONVERSION = YES;
				CLANG_WARN_DEPRECATED_OBJC_IMPLEMENTATIONS = YES;
				CLANG_WARN_DIRECT_OBJC_ISA_USAGE = YES_ERROR;
				CLANG_WARN_DOCUMENTATION_COMMENTS = YES;
				CLANG_WARN_EMPTY_BODY = YES;
				CLANG_WARN_ENUM_CONVERSION = YES;
				CLANG_WARN_INFINITE_RECURSION = YES;
				CLANG_WARN_INT_CONVERSION = YES;
				CLANG_WARN_NON_LITERAL_NULL_CONVERSION = YES;
				CLANG_WARN_OBJC_IMPLICIT_RETAIN_SELF = YES;
				CLANG_WARN_OBJC_LITERAL_CONVERSION = YES;
				CLANG_WARN_OBJC_ROOT_CLASS = YES_ERROR;
				CLANG_WARN_QUOTED_INCLUDE_IN_FRAMEWORK_HEADER = YES;
				CLANG_WARN_RANGE_LOOP_ANALYSIS = YES;
				CLANG_WARN_STRICT_PROTOTYPES = YES;
				CLANG_WARN_SUSPICIOUS_MOVE = YES;
				CLANG_WARN_UNGUARDED_AVAILABILITY = YES_AGGRESSIVE;
				CLANG_WARN_UNREACHABLE_CODE = YES;
				CLANG_WARN__DUPLICATE_METHOD_MATCH = YES;
				COPY_PHASE_STRIP = NO;
				DEBUG_INFORMATION_FORMAT = dwarf;
				ENABLE_STRICT_OBJC_MSGSEND = YES;
				ENABLE_TESTABILITY = YES;
				ENABLE_USER_SCRIPT_SANDBOXING = YES;
				GCC_C_LANGUAGE_STANDARD = gnu17;
				GCC_DYNAMIC_NO_PIC = NO;
				GCC_NO_COMMON_BLOCKS = YES;
				GCC_OPTIMIZATION_LEVEL = 0;
				GCC_PREPROCESSOR_DEFINITIONS = (
					"DEBUG=1",
					"$(inherited)",
				);
				GCC_WARN_64_TO_32_BIT_CONVERSION = YES;
				GCC_WARN_ABOUT_RETURN_TYPE = YES_ERROR;
				GCC_WARN_UNDECLARED_SELECTOR = YES;
				GCC_WARN_UNINITIALIZED_AUTOS = YES_AGGRESSIVE;
				GCC_WARN_UNUSED_FUNCTION = YES;
				GCC_WARN_UNUSED_VARIABLE = YES;
				IPHONEOS_DEPLOYMENT_TARGET = 18.1;
				LOCALIZATION_PREFERS_STRING_CATALOGS = YES;
				MTL_ENABLE_DEBUG_INFO = INCLUDE_SOURCE;
				MTL_FAST_MATH = YES;
				ONLY_ACTIVE_ARCH = YES;
				SDKROOT = iphoneos;
				SWIFT_ACTIVE_COMPILATION_CONDITIONS = "DEBUG $(inherited)";
				SWIFT_OPTIMIZATION_LEVEL = "-Onone";
			};
			name = Debug;
		};
		2C3CEA3B2CD981E00031F4EB /* Release */ = {
			isa = XCBuildConfiguration;
			buildSettings = {
				ALWAYS_SEARCH_USER_PATHS = NO;
				ASSETCATALOG_COMPILER_GENERATE_SWIFT_ASSET_SYMBOL_EXTENSIONS = YES;
				CLANG_ANALYZER_NONNULL = YES;
				CLANG_ANALYZER_NUMBER_OBJECT_CONVERSION = YES_AGGRESSIVE;
				CLANG_CXX_LANGUAGE_STANDARD = "gnu++20";
				CLANG_ENABLE_MODULES = YES;
				CLANG_ENABLE_OBJC_ARC = YES;
				CLANG_ENABLE_OBJC_WEAK = YES;
				CLANG_WARN_BLOCK_CAPTURE_AUTORELEASING = YES;
				CLANG_WARN_BOOL_CONVERSION = YES;
				CLANG_WARN_COMMA = YES;
				CLANG_WARN_CONSTANT_CONVERSION = YES;
				CLANG_WARN_DEPRECATED_OBJC_IMPLEMENTATIONS = YES;
				CLANG_WARN_DIRECT_OBJC_ISA_USAGE = YES_ERROR;
				CLANG_WARN_DOCUMENTATION_COMMENTS = YES;
				CLANG_WARN_EMPTY_BODY = YES;
				CLANG_WARN_ENUM_CONVERSION = YES;
				CLANG_WARN_INFINITE_RECURSION = YES;
				CLANG_WARN_INT_CONVERSION = YES;
				CLANG_WARN_NON_LITERAL_NULL_CONVERSION = YES;
				CLANG_WARN_OBJC_IMPLICIT_RETAIN_SELF = YES;
				CLANG_WARN_OBJC_LITERAL_CONVERSION = YES;
				CLANG_WARN_OBJC_ROOT_CLASS = YES_ERROR;
				CLANG_WARN_QUOTED_INCLUDE_IN_FRAMEWORK_HEADER = YES;
				CLANG_WARN_RANGE_LOOP_ANALYSIS = YES;
				CLANG_WARN_STRICT_PROTOTYPES = YES;
				CLANG_WARN_SUSPICIOUS_MOVE = YES;
				CLANG_WARN_UNGUARDED_AVAILABILITY = YES_AGGRESSIVE;
				CLANG_WARN_UNREACHABLE_CODE = YES;
				CLANG_WARN__DUPLICATE_METHOD_MATCH = YES;
				COPY_PHASE_STRIP = NO;
				DEBUG_INFORMATION_FORMAT = "dwarf-with-dsym";
				ENABLE_NS_ASSERTIONS = NO;
				ENABLE_STRICT_OBJC_MSGSEND = YES;
				ENABLE_USER_SCRIPT_SANDBOXING = YES;
				GCC_C_LANGUAGE_STANDARD = gnu17;
				GCC_NO_COMMON_BLOCKS = YES;
				GCC_WARN_64_TO_32_BIT_CONVERSION = YES;
				GCC_WARN_ABOUT_RETURN_TYPE = YES_ERROR;
				GCC_WARN_UNDECLARED_SELECTOR = YES;
				GCC_WARN_UNINITIALIZED_AUTOS = YES_AGGRESSIVE;
				GCC_WARN_UNUSED_FUNCTION = YES;
				GCC_WARN_UNUSED_VARIABLE = YES;
				IPHONEOS_DEPLOYMENT_TARGET = 18.1;
				LOCALIZATION_PREFERS_STRING_CATALOGS = YES;
				MTL_ENABLE_DEBUG_INFO = NO;
				MTL_FAST_MATH = YES;
				SDKROOT = iphoneos;
				SWIFT_COMPILATION_MODE = wholemodule;
				VALIDATE_PRODUCT = YES;
			};
			name = Release;
		};
/* End XCBuildConfiguration section */

/* Begin XCConfigurationList section */
		2C3CEA1F2CD981DF0031F4EB /* Build configuration list for PBXProject "TestSlots" */ = {
			isa = XCConfigurationList;
			buildConfigurations = (
				2C3CEA3A2CD981E00031F4EB /* Debug */,
				2C3CEA3B2CD981E00031F4EB /* Release */,
			);
			defaultConfigurationIsVisible = 0;
			defaultConfigurationName = Release;
		};
		2C3CEA372CD981E00031F4EB /* Build configuration list for PBXNativeTarget "TestSlots" */ = {
			isa = XCConfigurationList;
			buildConfigurations = (
				2C3CEA382CD981E00031F4EB /* Debug */,
				2C3CEA392CD981E00031F4EB /* Release */,
			);
			defaultConfigurationIsVisible = 0;
			defaultConfigurationName = Release;
		};
/* End XCConfigurationList section */

/* Begin XCRemoteSwiftPackageReference section */
		2C317C0D2CDAD875002E58B9 /* XCRemoteSwiftPackageReference "SnapKit" */ = {
			isa = XCRemoteSwiftPackageReference;
			repositoryURL = "https://github.com/SnapKit/SnapKit.git";
			requirement = {
				kind = upToNextMajorVersion;
				minimumVersion = 5.7.1;
			};
		};
/* End XCRemoteSwiftPackageReference section */

/* Begin XCSwiftPackageProductDependency section */
		2C317C0E2CDAD875002E58B9 /* SnapKit */ = {
			isa = XCSwiftPackageProductDependency;
			package = 2C317C0D2CDAD875002E58B9 /* XCRemoteSwiftPackageReference "SnapKit" */;
			productName = SnapKit;
		};
/* End XCSwiftPackageProductDependency section */
	};
	rootObject = 2C3CEA1C2CD981DF0031F4EB /* Project object */;
}
